
Microsoft Visual Studio Solution File, Format Version 12.00
# Visual Studio Version 16
VisualStudioVersion = 16.0.29123.88
MinimumVisualStudioVersion = 10.0.40219.1
Project("{8BC9CEB8-8B4A-11D0-8D11-00A0C91BC942}") = "Project-8-13", "Project-8-13\Project-8-13.vcxproj", "{7A260459-BBEA-4793-A1D2-344ED9C3DD83}"
EndProject
Global
	GlobalSection(SolutionConfigurationPlatforms) = preSolution
		Debug|x64 = Debug|x64
		Debug|x86 = Debug|x86
		Release|x64 = Release|x64
		Release|x86 = Release|x86
	EndGlobalSection
	GlobalSection(ProjectConfigurationPlatforms) = postSolution
		{7A260459-BBEA-4793-A1D2-344ED9C3DD83}.Debug|x64.ActiveCfg = Debug|x64
		{7A260459-BBEA-4793-A1D2-344ED9C3DD83}.Debug|x64.Build.0 = Debug|x64
		{7A260459-BBEA-4793-A1D2-344ED9C3DD83}.Debug|x86.ActiveCfg = Debug|Win32
		{7A260459-BBEA-4793-A1D2-344ED9C3DD83}.Debug|x86.Build.0 = Debug|Win32
		{7A260459-BBEA-4793-A1D2-344ED9C3DD83}.Release|x64.ActiveCfg = Release|x64
		{7A260459-BBEA-4793-A1D2-344ED9C3DD83}.Release|x64.Build.0 = Release|x64
		{7A260459-BBEA-4793-A1D2-344ED9C3DD83}.Release|x86.ActiveCfg = Release|Win32
		{7A260459-BBEA-4793-A1D2-344ED9C3DD83}.Release|x86.Build.0 = Release|Win32
	EndGlobalSection
	GlobalSection(SolutionProperties) = preSolution
		HideSolutionNode = FALSE
	EndGlobalSection
	GlobalSection(ExtensibilityGlobals) = postSolution
		SolutionGuid = {F119D1CB-B13F-4172-97C9-2F2824B17534}
	EndGlobalSection
EndGlobal
